
Microsoft Visual Studio Solution File, Format Version 12.00
# Visual Studio Version 17
VisualStudioVersion = 17.3.32901.215
MinimumVisualStudioVersion = 10.0.40219.1
Project("{FAE04EC0-301F-11D3-BF4B-00C04F79EFBC}") = "Проект 3", "Проект 3\Проект 3.csproj", "{EED3C5C6-F39D-4B1F-8172-70D40289D0B0}"
EndProject
Global
	GlobalSection(SolutionConfigurationPlatforms) = preSolution
		Debug|Any CPU = Debug|Any CPU
		Release|Any CPU = Release|Any CPU
	EndGlobalSection
	GlobalSection(ProjectConfigurationPlatforms) = postSolution
		{EED3C5C6-F39D-4B1F-8172-70D40289D0B0}.Debug|Any CPU.ActiveCfg = Debug|Any CPU
		{EED3C5C6-F39D-4B1F-8172-70D40289D0B0}.Debug|Any CPU.Build.0 = Debug|Any CPU
		{EED3C5C6-F39D-4B1F-8172-70D40289D0B0}.Release|Any CPU.ActiveCfg = Release|Any CPU
		{EED3C5C6-F39D-4B1F-8172-70D40289D0B0}.Release|Any CPU.Build.0 = Release|Any CPU
	EndGlobalSection
	GlobalSection(SolutionProperties) = preSolution
		HideSolutionNode = FALSE
	EndGlobalSection
	GlobalSection(ExtensibilityGlobals) = postSolution
		SolutionGuid = {BD578EFE-7FEF-4FCD-95B8-17C24F7D2D1F}
	EndGlobalSection
EndGlobal
